
Microsoft Visual Studio Solution File, Format Version 12.00
# Visual Studio Version 17
VisualStudioVersion = 17.8.34309.116
MinimumVisualStudioVersion = 10.0.40219.1
Project("{FAE04EC0-301F-11D3-BF4B-00C04F79EFBC}") = "textileautomationapp", "textileautomationapp\textileautomationapp.csproj", "{69B020C0-D9EE-4038-BB84-45D3B7D4F70B}"
EndProject
Global
	GlobalSection(SolutionConfigurationPlatforms) = preSolution
		Debug|Any CPU = Debug|Any CPU
		Release|Any CPU = Release|Any CPU
	EndGlobalSection
	GlobalSection(ProjectConfigurationPlatforms) = postSolution
		{69B020C0-D9EE-4038-BB84-45D3B7D4F70B}.Debug|Any CPU.ActiveCfg = Debug|Any CPU
		{69B020C0-D9EE-4038-BB84-45D3B7D4F70B}.Debug|Any CPU.Build.0 = Debug|Any CPU
		{69B020C0-D9EE-4038-BB84-45D3B7D4F70B}.Release|Any CPU.ActiveCfg = Release|Any CPU
		{69B020C0-D9EE-4038-BB84-45D3B7D4F70B}.Release|Any CPU.Build.0 = Release|Any CPU
	EndGlobalSection
	GlobalSection(SolutionProperties) = preSolution
		HideSolutionNode = FALSE
	EndGlobalSection
	GlobalSection(ExtensibilityGlobals) = postSolution
		SolutionGuid = {26714B01-0C29-40B3-969C-DE7B647B9848}
	EndGlobalSection
EndGlobal
